
Microsoft Visual Studio Solution File, Format Version 12.00
# Visual Studio Version 17
VisualStudioVersion = 17.2.32630.192
MinimumVisualStudioVersion = 10.0.40219.1
Project("{FAE04EC0-301F-11D3-BF4B-00C04F79EFBC}") = "DayStaySQLQueries", "DayStaySQLQueries\DayStaySQLQueries.csproj", "{DA01553A-8BE8-4AE3-8D62-F88DC31D606D}"
EndProject
Global
	GlobalSection(SolutionConfigurationPlatforms) = preSolution
		Debug|Any CPU = Debug|Any CPU
		Release|Any CPU = Release|Any CPU
	EndGlobalSection
	GlobalSection(ProjectConfigurationPlatforms) = postSolution
		{DA01553A-8BE8-4AE3-8D62-F88DC31D606D}.Debug|Any CPU.ActiveCfg = Debug|Any CPU
		{DA01553A-8BE8-4AE3-8D62-F88DC31D606D}.Debug|Any CPU.Build.0 = Debug|Any CPU
		{DA01553A-8BE8-4AE3-8D62-F88DC31D606D}.Release|Any CPU.ActiveCfg = Release|Any CPU
		{DA01553A-8BE8-4AE3-8D62-F88DC31D606D}.Release|Any CPU.Build.0 = Release|Any CPU
	EndGlobalSection
	GlobalSection(SolutionProperties) = preSolution
		HideSolutionNode = FALSE
	EndGlobalSection
	GlobalSection(ExtensibilityGlobals) = postSolution
		SolutionGuid = {2981FFBA-BA7D-4069-A080-794A5BB71648}
	EndGlobalSection
EndGlobal
